
Microsoft Visual Studio Solution File, Format Version 12.00
# Visual Studio Version 16
VisualStudioVersion = 16.0.31624.102
MinimumVisualStudioVersion = 10.0.40219.1
Project("{9A19103F-16F7-4668-BE54-9A1E7A4F7556}") = "ITDesigners.RestAPI", "ITDesigners\ITDesigners.RestAPI.csproj", "{44BD0E0D-52CE-4580-92C9-843520FC0072}"
EndProject
Project("{9A19103F-16F7-4668-BE54-9A1E7A4F7556}") = "ITDesigners.Application", "ITDesigners.Application\ITDesigners.Application.csproj", "{C6DC6992-EAA2-4C8A-8DF3-2C091F1E495D}"
EndProject
Project("{9A19103F-16F7-4668-BE54-9A1E7A4F7556}") = "ITDesigners.Domain", "ITDesigners.Domain\ITDesigners.Domain.csproj", "{992C4521-BDF7-4FF2-97FE-E30E1CA4532E}"
EndProject
Project("{9A19103F-16F7-4668-BE54-9A1E7A4F7556}") = "ITDesigners.Infrastructure", "ITDesigners.Infrastructure\ITDesigners.Infrastructure.csproj", "{FAFA2F4D-4D5D-455B-B4C1-8B70945427B3}"
EndProject
Project("{FAE04EC0-301F-11D3-BF4B-00C04F79EFBC}") = "Common", "Common\Common.csproj", "{C58CC5A3-04DB-48B3-8CCB-EBAAB77697E7}"
EndProject
Global
	GlobalSection(SolutionConfigurationPlatforms) = preSolution
		Debug|Any CPU = Debug|Any CPU
		Release|Any CPU = Release|Any CPU
	EndGlobalSection
	GlobalSection(ProjectConfigurationPlatforms) = postSolution
		{44BD0E0D-52CE-4580-92C9-843520FC0072}.Debug|Any CPU.ActiveCfg = Debug|Any CPU
		{44BD0E0D-52CE-4580-92C9-843520FC0072}.Debug|Any CPU.Build.0 = Debug|Any CPU
		{44BD0E0D-52CE-4580-92C9-843520FC0072}.Release|Any CPU.ActiveCfg = Release|Any CPU
		{44BD0E0D-52CE-4580-92C9-843520FC0072}.Release|Any CPU.Build.0 = Release|Any CPU
		{C6DC6992-EAA2-4C8A-8DF3-2C091F1E495D}.Debug|Any CPU.ActiveCfg = Debug|Any CPU
		{C6DC6992-EAA2-4C8A-8DF3-2C091F1E495D}.Debug|Any CPU.Build.0 = Debug|Any CPU
		{C6DC6992-EAA2-4C8A-8DF3-2C091F1E495D}.Release|Any CPU.ActiveCfg = Release|Any CPU
		{C6DC6992-EAA2-4C8A-8DF3-2C091F1E495D}.Release|Any CPU.Build.0 = Release|Any CPU
		{992C4521-BDF7-4FF2-97FE-E30E1CA4532E}.Debug|Any CPU.ActiveCfg = Debug|Any CPU
		{992C4521-BDF7-4FF2-97FE-E30E1CA4532E}.Debug|Any CPU.Build.0 = Debug|Any CPU
		{992C4521-BDF7-4FF2-97FE-E30E1CA4532E}.Release|Any CPU.ActiveCfg = Release|Any CPU
		{992C4521-BDF7-4FF2-97FE-E30E1CA4532E}.Release|Any CPU.Build.0 = Release|Any CPU
		{FAFA2F4D-4D5D-455B-B4C1-8B70945427B3}.Debug|Any CPU.ActiveCfg = Debug|Any CPU
		{FAFA2F4D-4D5D-455B-B4C1-8B70945427B3}.Debug|Any CPU.Build.0 = Debug|Any CPU
		{FAFA2F4D-4D5D-455B-B4C1-8B70945427B3}.Release|Any CPU.ActiveCfg = Release|Any CPU
		{FAFA2F4D-4D5D-455B-B4C1-8B70945427B3}.Release|Any CPU.Build.0 = Release|Any CPU
		{C58CC5A3-04DB-48B3-8CCB-EBAAB77697E7}.Debug|Any CPU.ActiveCfg = Debug|Any CPU
		{C58CC5A3-04DB-48B3-8CCB-EBAAB77697E7}.Debug|Any CPU.Build.0 = Debug|Any CPU
		{C58CC5A3-04DB-48B3-8CCB-EBAAB77697E7}.Release|Any CPU.ActiveCfg = Release|Any CPU
		{C58CC5A3-04DB-48B3-8CCB-EBAAB77697E7}.Release|Any CPU.Build.0 = Release|Any CPU
	EndGlobalSection
	GlobalSection(SolutionProperties) = preSolution
		HideSolutionNode = FALSE
	EndGlobalSection
	GlobalSection(ExtensibilityGlobals) = postSolution
		SolutionGuid = {B8762EC2-B325-4ABB-AC43-B0AF708B68FE}
	EndGlobalSection
EndGlobal
